
Microsoft Visual Studio Solution File, Format Version 12.00
# Visual Studio Version 16
VisualStudioVersion = 16.0.31515.178
MinimumVisualStudioVersion = 10.0.40219.1
Project("{FAE04EC0-301F-11D3-BF4B-00C04F79EFBC}") = "WpfApp7", "WpfApp7\WpfApp7.csproj", "{9AEADF53-055A-4750-A501-C4F5DA9837AF}"
EndProject
Global
	GlobalSection(SolutionConfigurationPlatforms) = preSolution
		Debug|Any CPU = Debug|Any CPU
		Release|Any CPU = Release|Any CPU
	EndGlobalSection
	GlobalSection(ProjectConfigurationPlatforms) = postSolution
		{9AEADF53-055A-4750-A501-C4F5DA9837AF}.Debug|Any CPU.ActiveCfg = Debug|Any CPU
		{9AEADF53-055A-4750-A501-C4F5DA9837AF}.Debug|Any CPU.Build.0 = Debug|Any CPU
		{9AEADF53-055A-4750-A501-C4F5DA9837AF}.Release|Any CPU.ActiveCfg = Release|Any CPU
		{9AEADF53-055A-4750-A501-C4F5DA9837AF}.Release|Any CPU.Build.0 = Release|Any CPU
	EndGlobalSection
	GlobalSection(SolutionProperties) = preSolution
		HideSolutionNode = FALSE
	EndGlobalSection
	GlobalSection(ExtensibilityGlobals) = postSolution
		SolutionGuid = {266F156B-2D2D-491B-B76D-CB032DC6222D}
	EndGlobalSection
EndGlobal
